// !$*UTF8*$!
{
	archiveVersion = 1;
	classes = {
	};
	objectVersion = 56;
	objects = {

/* Begin PBXBuildFile section */
		1903423D2B80DA53004EFDFB /* PokemonPageDataModel.swift in Sources */ = {isa = PBXBuildFile; fileRef = 1903423C2B80DA53004EFDFB /* PokemonPageDataModel.swift */; };
		1903423F2B80DC47004EFDFB /* PokemonPreviewDataModel.swift in Sources */ = {isa = PBXBuildFile; fileRef = 1903423E2B80DC47004EFDFB /* PokemonPreviewDataModel.swift */; };
		190342472B80E286004EFDFB /* PokemonPage.swift in Sources */ = {isa = PBXBuildFile; fileRef = 190342462B80E286004EFDFB /* PokemonPage.swift */; };
		190342492B80E342004EFDFB /* Pokemon.swift in Sources */ = {isa = PBXBuildFile; fileRef = 190342482B80E342004EFDFB /* Pokemon.swift */; };
		1903424B2B80E410004EFDFB /* PokemonPreview.swift in Sources */ = {isa = PBXBuildFile; fileRef = 1903424A2B80E410004EFDFB /* PokemonPreview.swift */; };
		192BF7D92B80C8CA0023C648 /* PokemonApp.swift in Sources */ = {isa = PBXBuildFile; fileRef = 192BF7D82B80C8CA0023C648 /* PokemonApp.swift */; };
		192BF7DD2B80C8CB0023C648 /* Assets.xcassets in Resources */ = {isa = PBXBuildFile; fileRef = 192BF7DC2B80C8CB0023C648 /* Assets.xcassets */; };
		192BF7E02B80C8CB0023C648 /* Preview Assets.xcassets in Resources */ = {isa = PBXBuildFile; fileRef = 192BF7DF2B80C8CB0023C648 /* Preview Assets.xcassets */; };
		192BF7E92B80CA640023C648 /* PokemonListView.swift in Sources */ = {isa = PBXBuildFile; fileRef = 192BF7E82B80CA640023C648 /* PokemonListView.swift */; };
		192BF7EE2B80D07B0023C648 /* PokemonListViewModel.swift in Sources */ = {isa = PBXBuildFile; fileRef = 192BF7ED2B80D07B0023C648 /* PokemonListViewModel.swift */; };
		193199812B8393FA0058A647 /* ClientError.swift in Sources */ = {isa = PBXBuildFile; fileRef = 193199802B8393FA0058A647 /* ClientError.swift */; };
		1955EBEF2B84ABC100ACA37F /* PokemonListViewModel+PageToPresent.swift in Sources */ = {isa = PBXBuildFile; fileRef = 1955EBEE2B84ABC100ACA37F /* PokemonListViewModel+PageToPresent.swift */; };
		1955EBF12B84AD4900ACA37F /* RequestState.swift in Sources */ = {isa = PBXBuildFile; fileRef = 1955EBF02B84AD4900ACA37F /* RequestState.swift */; };
		197E24022B831AB100F171AF /* Moya+async.swift in Sources */ = {isa = PBXBuildFile; fileRef = 197E24012B831AB100F171AF /* Moya+async.swift */; };
		197E24052B83396000F171AF /* String+SystemImageName.swift in Sources */ = {isa = PBXBuildFile; fileRef = 197E24042B83396000F171AF /* String+SystemImageName.swift */; };
		19A2B67B2B81D8E600BD23E7 /* ApiEndpoint.swift in Sources */ = {isa = PBXBuildFile; fileRef = 19A2B67A2B81D8E600BD23E7 /* ApiEndpoint.swift */; };
		19A2B6832B81F6D600BD23E7 /* CombineMoya in Frameworks */ = {isa = PBXBuildFile; productRef = 19A2B6822B81F6D600BD23E7 /* CombineMoya */; };
		19A2B6852B81F6D600BD23E7 /* Moya in Frameworks */ = {isa = PBXBuildFile; productRef = 19A2B6842B81F6D600BD23E7 /* Moya */; };
		19A2B6872B81F6FF00BD23E7 /* DefaultNetworkService.swift in Sources */ = {isa = PBXBuildFile; fileRef = 19A2B6862B81F6FE00BD23E7 /* DefaultNetworkService.swift */; };
		19A2B6892B81F78200BD23E7 /* ApiEndpoint+TargetType.swift in Sources */ = {isa = PBXBuildFile; fileRef = 19A2B6882B81F78200BD23E7 /* ApiEndpoint+TargetType.swift */; };
		19A2B68B2B81F8D800BD23E7 /* AppConfiguration.swift in Sources */ = {isa = PBXBuildFile; fileRef = 19A2B68A2B81F8D800BD23E7 /* AppConfiguration.swift */; };
		19B65FFC2B80F439003853C4 /* Page.swift in Sources */ = {isa = PBXBuildFile; fileRef = 19B65FFB2B80F439003853C4 /* Page.swift */; };
		19B65FFE2B80F50B003853C4 /* PokemonClient.swift in Sources */ = {isa = PBXBuildFile; fileRef = 19B65FFD2B80F50B003853C4 /* PokemonClient.swift */; };
		19B660012B80F6EA003853C4 /* FetchPokemonsPageUseCase.swift in Sources */ = {isa = PBXBuildFile; fileRef = 19B660002B80F6EA003853C4 /* FetchPokemonsPageUseCase.swift */; };
		19B660052B80FD41003853C4 /* DefaultPokemonClient.swift in Sources */ = {isa = PBXBuildFile; fileRef = 19B660042B80FD41003853C4 /* DefaultPokemonClient.swift */; };
		19B660092B80FE36003853C4 /* NetworkService.swift in Sources */ = {isa = PBXBuildFile; fileRef = 19B660082B80FE36003853C4 /* NetworkService.swift */; };
		19B6600E2B811CEC003853C4 /* NetworkError.swift in Sources */ = {isa = PBXBuildFile; fileRef = 19B6600D2B811CEC003853C4 /* NetworkError.swift */; };
		19E505252B84B63400C0407B /* ErrorView.swift in Sources */ = {isa = PBXBuildFile; fileRef = 19E505242B84B63400C0407B /* ErrorView.swift */; };
		19E5052D2B84E1EE00C0407B /* Error+isConnectionError.swift in Sources */ = {isa = PBXBuildFile; fileRef = 19E5052C2B84E1EE00C0407B /* Error+isConnectionError.swift */; };
		19FF1EFC2B85DD0600B2F029 /* PageViewModel.swift in Sources */ = {isa = PBXBuildFile; fileRef = 19FF1EFB2B85DD0600B2F029 /* PageViewModel.swift */; };
		19FF1EFE2B86000100B2F029 /* SwitchPageView.swift in Sources */ = {isa = PBXBuildFile; fileRef = 19FF1EFD2B86000100B2F029 /* SwitchPageView.swift */; };
		19FF1F002B860EC400B2F029 /* AFError+NetworkError.swift in Sources */ = {isa = PBXBuildFile; fileRef = 19FF1EFF2B860EC400B2F029 /* AFError+NetworkError.swift */; };
		19FF1F022B86106100B2F029 /* Error+NetworkError.swift in Sources */ = {isa = PBXBuildFile; fileRef = 19FF1F012B86106100B2F029 /* Error+NetworkError.swift */; };
/* End PBXBuildFile section */

/* Begin PBXFileReference section */
		1903423C2B80DA53004EFDFB /* PokemonPageDataModel.swift */ = {isa = PBXFileReference; lastKnownFileType = sourcecode.swift; path = PokemonPageDataModel.swift; sourceTree = "<group>"; };
		1903423E2B80DC47004EFDFB /* PokemonPreviewDataModel.swift */ = {isa = PBXFileReference; lastKnownFileType = sourcecode.swift; path = PokemonPreviewDataModel.swift; sourceTree = "<group>"; };
		190342462B80E286004EFDFB /* PokemonPage.swift */ = {isa = PBXFileReference; lastKnownFileType = sourcecode.swift; path = PokemonPage.swift; sourceTree = "<group>"; };
		190342482B80E342004EFDFB /* Pokemon.swift */ = {isa = PBXFileReference; lastKnownFileType = sourcecode.swift; path = Pokemon.swift; sourceTree = "<group>"; };
		1903424A2B80E410004EFDFB /* PokemonPreview.swift */ = {isa = PBXFileReference; lastKnownFileType = sourcecode.swift; path = PokemonPreview.swift; sourceTree = "<group>"; };
		192BF7D52B80C8CA0023C648 /* Pokemon.app */ = {isa = PBXFileReference; explicitFileType = wrapper.application; includeInIndex = 0; path = Pokemon.app; sourceTree = BUILT_PRODUCTS_DIR; };
		192BF7D82B80C8CA0023C648 /* PokemonApp.swift */ = {isa = PBXFileReference; lastKnownFileType = sourcecode.swift; path = PokemonApp.swift; sourceTree = "<group>"; };
		192BF7DC2B80C8CB0023C648 /* Assets.xcassets */ = {isa = PBXFileReference; lastKnownFileType = folder.assetcatalog; path = Assets.xcassets; sourceTree = "<group>"; };
		192BF7DF2B80C8CB0023C648 /* Preview Assets.xcassets */ = {isa = PBXFileReference; lastKnownFileType = folder.assetcatalog; path = "Preview Assets.xcassets"; sourceTree = "<group>"; };
		192BF7E82B80CA640023C648 /* PokemonListView.swift */ = {isa = PBXFileReference; lastKnownFileType = sourcecode.swift; path = PokemonListView.swift; sourceTree = "<group>"; };
		192BF7ED2B80D07B0023C648 /* PokemonListViewModel.swift */ = {isa = PBXFileReference; lastKnownFileType = sourcecode.swift; path = PokemonListViewModel.swift; sourceTree = "<group>"; };
		193199802B8393FA0058A647 /* ClientError.swift */ = {isa = PBXFileReference; lastKnownFileType = sourcecode.swift; path = ClientError.swift; sourceTree = "<group>"; };
		1955EBEE2B84ABC100ACA37F /* PokemonListViewModel+PageToPresent.swift */ = {isa = PBXFileReference; lastKnownFileType = sourcecode.swift; path = "PokemonListViewModel+PageToPresent.swift"; sourceTree = "<group>"; };
		1955EBF02B84AD4900ACA37F /* RequestState.swift */ = {isa = PBXFileReference; lastKnownFileType = sourcecode.swift; path = RequestState.swift; sourceTree = "<group>"; };
		197E24012B831AB100F171AF /* Moya+async.swift */ = {isa = PBXFileReference; lastKnownFileType = sourcecode.swift; path = "Moya+async.swift"; sourceTree = "<group>"; };
		197E24042B83396000F171AF /* String+SystemImageName.swift */ = {isa = PBXFileReference; lastKnownFileType = sourcecode.swift; path = "String+SystemImageName.swift"; sourceTree = "<group>"; };
		19A2B67A2B81D8E600BD23E7 /* ApiEndpoint.swift */ = {isa = PBXFileReference; lastKnownFileType = sourcecode.swift; path = ApiEndpoint.swift; sourceTree = "<group>"; };
		19A2B6862B81F6FE00BD23E7 /* DefaultNetworkService.swift */ = {isa = PBXFileReference; fileEncoding = 4; lastKnownFileType = sourcecode.swift; path = DefaultNetworkService.swift; sourceTree = "<group>"; };
		19A2B6882B81F78200BD23E7 /* ApiEndpoint+TargetType.swift */ = {isa = PBXFileReference; lastKnownFileType = sourcecode.swift; path = "ApiEndpoint+TargetType.swift"; sourceTree = "<group>"; };
		19A2B68A2B81F8D800BD23E7 /* AppConfiguration.swift */ = {isa = PBXFileReference; lastKnownFileType = sourcecode.swift; path = AppConfiguration.swift; sourceTree = "<group>"; };
		19B65FFB2B80F439003853C4 /* Page.swift */ = {isa = PBXFileReference; lastKnownFileType = sourcecode.swift; path = Page.swift; sourceTree = "<group>"; };
		19B65FFD2B80F50B003853C4 /* PokemonClient.swift */ = {isa = PBXFileReference; lastKnownFileType = sourcecode.swift; path = PokemonClient.swift; sourceTree = "<group>"; };
		19B660002B80F6EA003853C4 /* FetchPokemonsPageUseCase.swift */ = {isa = PBXFileReference; lastKnownFileType = sourcecode.swift; path = FetchPokemonsPageUseCase.swift; sourceTree = "<group>"; };
		19B660042B80FD41003853C4 /* DefaultPokemonClient.swift */ = {isa = PBXFileReference; lastKnownFileType = sourcecode.swift; path = DefaultPokemonClient.swift; sourceTree = "<group>"; };
		19B660082B80FE36003853C4 /* NetworkService.swift */ = {isa = PBXFileReference; lastKnownFileType = sourcecode.swift; path = NetworkService.swift; sourceTree = "<group>"; };
		19B6600D2B811CEC003853C4 /* NetworkError.swift */ = {isa = PBXFileReference; lastKnownFileType = sourcecode.swift; path = NetworkError.swift; sourceTree = "<group>"; };
		19E505242B84B63400C0407B /* ErrorView.swift */ = {isa = PBXFileReference; lastKnownFileType = sourcecode.swift; path = ErrorView.swift; sourceTree = "<group>"; };
		19E5052C2B84E1EE00C0407B /* Error+isConnectionError.swift */ = {isa = PBXFileReference; lastKnownFileType = sourcecode.swift; path = "Error+isConnectionError.swift"; sourceTree = "<group>"; };
		19FF1EFB2B85DD0600B2F029 /* PageViewModel.swift */ = {isa = PBXFileReference; lastKnownFileType = sourcecode.swift; path = PageViewModel.swift; sourceTree = "<group>"; };
		19FF1EFD2B86000100B2F029 /* SwitchPageView.swift */ = {isa = PBXFileReference; lastKnownFileType = sourcecode.swift; path = SwitchPageView.swift; sourceTree = "<group>"; };
		19FF1EFF2B860EC400B2F029 /* AFError+NetworkError.swift */ = {isa = PBXFileReference; lastKnownFileType = sourcecode.swift; path = "AFError+NetworkError.swift"; sourceTree = "<group>"; };
		19FF1F012B86106100B2F029 /* Error+NetworkError.swift */ = {isa = PBXFileReference; lastKnownFileType = sourcecode.swift; path = "Error+NetworkError.swift"; sourceTree = "<group>"; };
/* End PBXFileReference section */

/* Begin PBXFrameworksBuildPhase section */
		192BF7D22B80C8CA0023C648 /* Frameworks */ = {
			isa = PBXFrameworksBuildPhase;
			buildActionMask = 2147483647;
			files = (
				19A2B6852B81F6D600BD23E7 /* Moya in Frameworks */,
				19A2B6832B81F6D600BD23E7 /* CombineMoya in Frameworks */,
			);
			runOnlyForDeploymentPostprocessing = 0;
		};
/* End PBXFrameworksBuildPhase section */

/* Begin PBXGroup section */
		1903423B2B80D6B8004EFDFB /* ViewModel */ = {
			isa = PBXGroup;
			children = (
				192BF7ED2B80D07B0023C648 /* PokemonListViewModel.swift */,
				19FF1EFB2B85DD0600B2F029 /* PageViewModel.swift */,
				1955EBEE2B84ABC100ACA37F /* PokemonListViewModel+PageToPresent.swift */,
				1955EBF02B84AD4900ACA37F /* RequestState.swift */,
			);
			path = ViewModel;
			sourceTree = "<group>";
		};
		190342402B80E00B004EFDFB /* Data */ = {
			isa = PBXGroup;
			children = (
				190342412B80E032004EFDFB /* Network */,
				19A2B6802B81F58C00BD23E7 /* Client */,
			);
			path = Data;
			sourceTree = "<group>";
		};
		190342412B80E032004EFDFB /* Network */ = {
			isa = PBXGroup;
			children = (
				19B660082B80FE36003853C4 /* NetworkService.swift */,
				19B6600D2B811CEC003853C4 /* NetworkError.swift */,
				19A2B67A2B81D8E600BD23E7 /* ApiEndpoint.swift */,
				190342422B80E065004EFDFB /* ResponseDataModel */,
			);
			path = Network;
			sourceTree = "<group>";
		};
		190342422B80E065004EFDFB /* ResponseDataModel */ = {
			isa = PBXGroup;
			children = (
				1903423C2B80DA53004EFDFB /* PokemonPageDataModel.swift */,
				1903423E2B80DC47004EFDFB /* PokemonPreviewDataModel.swift */,
			);
			path = ResponseDataModel;
			sourceTree = "<group>";
		};
		190342452B80E272004EFDFB /* Domain */ = {
			isa = PBXGroup;
			children = (
				19B660032B80F721003853C4 /* UseCase */,
				19B65FFF2B80F696003853C4 /* Interface */,
				1903424C2B80E46C004EFDFB /* Entity */,
			);
			path = Domain;
			sourceTree = "<group>";
		};
		1903424C2B80E46C004EFDFB /* Entity */ = {
			isa = PBXGroup;
			children = (
				190342462B80E286004EFDFB /* PokemonPage.swift */,
				1903424A2B80E410004EFDFB /* PokemonPreview.swift */,
				190342482B80E342004EFDFB /* Pokemon.swift */,
				19B65FFB2B80F439003853C4 /* Page.swift */,
			);
			path = Entity;
			sourceTree = "<group>";
		};
		192BF7CC2B80C8CA0023C648 = {
			isa = PBXGroup;
			children = (
				192BF7D72B80C8CA0023C648 /* Pokemon */,
				192BF7D62B80C8CA0023C648 /* Products */,
			);
			sourceTree = "<group>";
		};
		192BF7D62B80C8CA0023C648 /* Products */ = {
			isa = PBXGroup;
			children = (
				192BF7D52B80C8CA0023C648 /* Pokemon.app */,
			);
			name = Products;
			sourceTree = "<group>";
		};
		192BF7D72B80C8CA0023C648 /* Pokemon */ = {
			isa = PBXGroup;
			children = (
				1955EBEC2B84AA3B00ACA37F /* Infrastructure */,
				192BF7E62B80C9560023C648 /* App */,
				192BF7EA2B80CA6B0023C648 /* Presentation */,
				190342402B80E00B004EFDFB /* Data */,
				190342452B80E272004EFDFB /* Domain */,
				192BF7E72B80C9780023C648 /* Resources */,
				197E24062B83396800F171AF /* Support */,
			);
			path = Pokemon;
			sourceTree = "<group>";
		};
		192BF7DE2B80C8CB0023C648 /* Preview Content */ = {
			isa = PBXGroup;
			children = (
				192BF7DF2B80C8CB0023C648 /* Preview Assets.xcassets */,
			);
			path = "Preview Content";
			sourceTree = "<group>";
		};
		192BF7E62B80C9560023C648 /* App */ = {
			isa = PBXGroup;
			children = (
				192BF7D82B80C8CA0023C648 /* PokemonApp.swift */,
				19A2B68A2B81F8D800BD23E7 /* AppConfiguration.swift */,
			);
			path = App;
			sourceTree = "<group>";
		};
		192BF7E72B80C9780023C648 /* Resources */ = {
			isa = PBXGroup;
			children = (
				192BF7DE2B80C8CB0023C648 /* Preview Content */,
				192BF7DC2B80C8CB0023C648 /* Assets.xcassets */,
			);
			path = Resources;
			sourceTree = "<group>";
		};
		192BF7EA2B80CA6B0023C648 /* Presentation */ = {
			isa = PBXGroup;
			children = (
				192BF7EB2B80CA860023C648 /* PokemonListScreen */,
				19E505272B84B67800C0407B /* Common */,
			);
			path = Presentation;
			sourceTree = "<group>";
		};
		192BF7EB2B80CA860023C648 /* PokemonListScreen */ = {
			isa = PBXGroup;
			children = (
				192BF7EC2B80D06B0023C648 /* View */,
				1903423B2B80D6B8004EFDFB /* ViewModel */,
			);
			path = PokemonListScreen;
			sourceTree = "<group>";
		};
		192BF7EC2B80D06B0023C648 /* View */ = {
			isa = PBXGroup;
			children = (
				192BF7E82B80CA640023C648 /* PokemonListView.swift */,
				19FF1EFD2B86000100B2F029 /* SwitchPageView.swift */,
			);
			path = View;
			sourceTree = "<group>";
		};
		1955EBEC2B84AA3B00ACA37F /* Infrastructure */ = {
			isa = PBXGroup;
			children = (
				1955EBED2B84AA5A00ACA37F /* Network */,
			);
			path = Infrastructure;
			sourceTree = "<group>";
		};
		1955EBED2B84AA5A00ACA37F /* Network */ = {
			isa = PBXGroup;
			children = (
				19A2B6862B81F6FE00BD23E7 /* DefaultNetworkService.swift */,
				19FF1F032B8610CB00B2F029 /* Extension */,
			);
			path = Network;
			sourceTree = "<group>";
		};
		197E24062B83396800F171AF /* Support */ = {
			isa = PBXGroup;
			children = (
				197E24072B83397300F171AF /* Extension */,
			);
			path = Support;
			sourceTree = "<group>";
		};
		197E24072B83397300F171AF /* Extension */ = {
			isa = PBXGroup;
			children = (
				197E24012B831AB100F171AF /* Moya+async.swift */,
				197E24042B83396000F171AF /* String+SystemImageName.swift */,
				19E5052C2B84E1EE00C0407B /* Error+isConnectionError.swift */,
			);
			path = Extension;
			sourceTree = "<group>";
		};
		19A2B6802B81F58C00BD23E7 /* Client */ = {
			isa = PBXGroup;
			children = (
				19B660042B80FD41003853C4 /* DefaultPokemonClient.swift */,
				193199802B8393FA0058A647 /* ClientError.swift */,
			);
			path = Client;
			sourceTree = "<group>";
		};
		19B65FFF2B80F696003853C4 /* Interface */ = {
			isa = PBXGroup;
			children = (
				19B65FFD2B80F50B003853C4 /* PokemonClient.swift */,
			);
			path = Interface;
			sourceTree = "<group>";
		};
		19B660022B80F6F8003853C4 /* Protocol */ = {
			isa = PBXGroup;
			children = (
			);
			path = Protocol;
			sourceTree = "<group>";
		};
		19B660032B80F721003853C4 /* UseCase */ = {
			isa = PBXGroup;
			children = (
				19B660022B80F6F8003853C4 /* Protocol */,
				19B660002B80F6EA003853C4 /* FetchPokemonsPageUseCase.swift */,
			);
			path = UseCase;
			sourceTree = "<group>";
		};
		19E505262B84B63800C0407B /* View */ = {
			isa = PBXGroup;
			children = (
				19E505242B84B63400C0407B /* ErrorView.swift */,
			);
			path = View;
			sourceTree = "<group>";
		};
		19E505272B84B67800C0407B /* Common */ = {
			isa = PBXGroup;
			children = (
				19E505262B84B63800C0407B /* View */,
			);
			path = Common;
			sourceTree = "<group>";
		};
		19FF1F032B8610CB00B2F029 /* Extension */ = {
			isa = PBXGroup;
			children = (
				19FF1EFF2B860EC400B2F029 /* AFError+NetworkError.swift */,
				19FF1F012B86106100B2F029 /* Error+NetworkError.swift */,
				19A2B6882B81F78200BD23E7 /* ApiEndpoint+TargetType.swift */,
			);
			path = Extension;
			sourceTree = "<group>";
		};
/* End PBXGroup section */

/* Begin PBXNativeTarget section */
		192BF7D42B80C8CA0023C648 /* Pokemon */ = {
			isa = PBXNativeTarget;
			buildConfigurationList = 192BF7E32B80C8CB0023C648 /* Build configuration list for PBXNativeTarget "Pokemon" */;
			buildPhases = (
				192BF7D12B80C8CA0023C648 /* Sources */,
				192BF7D22B80C8CA0023C648 /* Frameworks */,
				192BF7D32B80C8CA0023C648 /* Resources */,
			);
			buildRules = (
			);
			dependencies = (
			);
			name = Pokemon;
			packageProductDependencies = (
				19A2B6822B81F6D600BD23E7 /* CombineMoya */,
				19A2B6842B81F6D600BD23E7 /* Moya */,
			);
			productName = PokemonApp;
			productReference = 192BF7D52B80C8CA0023C648 /* Pokemon.app */;
			productType = "com.apple.product-type.application";
		};
/* End PBXNativeTarget section */

/* Begin PBXProject section */
		192BF7CD2B80C8CA0023C648 /* Project object */ = {
			isa = PBXProject;
			attributes = {
				BuildIndependentTargetsInParallel = 1;
				LastSwiftUpdateCheck = 1500;
				LastUpgradeCheck = 1500;
				TargetAttributes = {
					192BF7D42B80C8CA0023C648 = {
						CreatedOnToolsVersion = 15.0.1;
					};
				};
			};
			buildConfigurationList = 192BF7D02B80C8CA0023C648 /* Build configuration list for PBXProject "Pokemon" */;
			compatibilityVersion = "Xcode 14.0";
			developmentRegion = en;
			hasScannedForEncodings = 0;
			knownRegions = (
				en,
				Base,
			);
			mainGroup = 192BF7CC2B80C8CA0023C648;
			packageReferences = (
				19A2B6812B81F6D600BD23E7 /* XCRemoteSwiftPackageReference "Moya" */,
			);
			productRefGroup = 192BF7D62B80C8CA0023C648 /* Products */;
			projectDirPath = "";
			projectRoot = "";
			targets = (
				192BF7D42B80C8CA0023C648 /* Pokemon */,
			);
		};
/* End PBXProject section */

/* Begin PBXResourcesBuildPhase section */
		192BF7D32B80C8CA0023C648 /* Resources */ = {
			isa = PBXResourcesBuildPhase;
			buildActionMask = 2147483647;
			files = (
				192BF7E02B80C8CB0023C648 /* Preview Assets.xcassets in Resources */,
				192BF7DD2B80C8CB0023C648 /* Assets.xcassets in Resources */,
			);
			runOnlyForDeploymentPostprocessing = 0;
		};
/* End PBXResourcesBuildPhase section */

/* Begin PBXSourcesBuildPhase section */
		192BF7D12B80C8CA0023C648 /* Sources */ = {
			isa = PBXSourcesBuildPhase;
			buildActionMask = 2147483647;
			files = (
				19FF1EFE2B86000100B2F029 /* SwitchPageView.swift in Sources */,
				19FF1F002B860EC400B2F029 /* AFError+NetworkError.swift in Sources */,
				19B65FFE2B80F50B003853C4 /* PokemonClient.swift in Sources */,
				19B6600E2B811CEC003853C4 /* NetworkError.swift in Sources */,
				19A2B67B2B81D8E600BD23E7 /* ApiEndpoint.swift in Sources */,
				1955EBF12B84AD4900ACA37F /* RequestState.swift in Sources */,
				192BF7E92B80CA640023C648 /* PokemonListView.swift in Sources */,
				190342492B80E342004EFDFB /* Pokemon.swift in Sources */,
				19A2B68B2B81F8D800BD23E7 /* AppConfiguration.swift in Sources */,
				19E505252B84B63400C0407B /* ErrorView.swift in Sources */,
				193199812B8393FA0058A647 /* ClientError.swift in Sources */,
				19A2B6892B81F78200BD23E7 /* ApiEndpoint+TargetType.swift in Sources */,
				192BF7EE2B80D07B0023C648 /* PokemonListViewModel.swift in Sources */,
				197E24022B831AB100F171AF /* Moya+async.swift in Sources */,
				19A2B6872B81F6FF00BD23E7 /* DefaultNetworkService.swift in Sources */,
				19FF1EFC2B85DD0600B2F029 /* PageViewModel.swift in Sources */,
				1955EBEF2B84ABC100ACA37F /* PokemonListViewModel+PageToPresent.swift in Sources */,
				190342472B80E286004EFDFB /* PokemonPage.swift in Sources */,
				19FF1F022B86106100B2F029 /* Error+NetworkError.swift in Sources */,
				19B660012B80F6EA003853C4 /* FetchPokemonsPageUseCase.swift in Sources */,
				19E5052D2B84E1EE00C0407B /* Error+isConnectionError.swift in Sources */,
				19B65FFC2B80F439003853C4 /* Page.swift in Sources */,
				1903423D2B80DA53004EFDFB /* PokemonPageDataModel.swift in Sources */,
				1903423F2B80DC47004EFDFB /* PokemonPreviewDataModel.swift in Sources */,
				19B660092B80FE36003853C4 /* NetworkService.swift in Sources */,
				19B660052B80FD41003853C4 /* DefaultPokemonClient.swift in Sources */,
				1903424B2B80E410004EFDFB /* PokemonPreview.swift in Sources */,
				197E24052B83396000F171AF /* String+SystemImageName.swift in Sources */,
				192BF7D92B80C8CA0023C648 /* PokemonApp.swift in Sources */,
			);
			runOnlyForDeploymentPostprocessing = 0;
		};
/* End PBXSourcesBuildPhase section */

/* Begin XCBuildConfiguration section */
		192BF7E12B80C8CB0023C648 /* Debug */ = {
			isa = XCBuildConfiguration;
			buildSettings = {
				ALWAYS_SEARCH_USER_PATHS = NO;
				ASSETCATALOG_COMPILER_GENERATE_SWIFT_ASSET_SYMBOL_EXTENSIONS = YES;
				CLANG_ANALYZER_NONNULL = YES;
				CLANG_ANALYZER_NUMBER_OBJECT_CONVERSION = YES_AGGRESSIVE;
				CLANG_CXX_LANGUAGE_STANDARD = "gnu++20";
				CLANG_ENABLE_MODULES = YES;
				CLANG_ENABLE_OBJC_ARC = YES;
				CLANG_ENABLE_OBJC_WEAK = YES;
				CLANG_WARN_BLOCK_CAPTURE_AUTORELEASING = YES;
				CLANG_WARN_BOOL_CONVERSION = YES;
				CLANG_WARN_COMMA = YES;
				CLANG_WARN_CONSTANT_CONVERSION = YES;
				CLANG_WARN_DEPRECATED_OBJC_IMPLEMENTATIONS = YES;
				CLANG_WARN_DIRECT_OBJC_ISA_USAGE = YES_ERROR;
				CLANG_WARN_DOCUMENTATION_COMMENTS = YES;
				CLANG_WARN_EMPTY_BODY = YES;
				CLANG_WARN_ENUM_CONVERSION = YES;
				CLANG_WARN_INFINITE_RECURSION = YES;
				CLANG_WARN_INT_CONVERSION = YES;
				CLANG_WARN_NON_LITERAL_NULL_CONVERSION = YES;
				CLANG_WARN_OBJC_IMPLICIT_RETAIN_SELF = YES;
				CLANG_WARN_OBJC_LITERAL_CONVERSION = YES;
				CLANG_WARN_OBJC_ROOT_CLASS = YES_ERROR;
				CLANG_WARN_QUOTED_INCLUDE_IN_FRAMEWORK_HEADER = YES;
				CLANG_WARN_RANGE_LOOP_ANALYSIS = YES;
				CLANG_WARN_STRICT_PROTOTYPES = YES;
				CLANG_WARN_SUSPICIOUS_MOVE = YES;
				CLANG_WARN_UNGUARDED_AVAILABILITY = YES_AGGRESSIVE;
				CLANG_WARN_UNREACHABLE_CODE = YES;
				CLANG_WARN__DUPLICATE_METHOD_MATCH = YES;
				COPY_PHASE_STRIP = NO;
				DEBUG_INFORMATION_FORMAT = dwarf;
				ENABLE_STRICT_OBJC_MSGSEND = YES;
				ENABLE_TESTABILITY = YES;
				ENABLE_USER_SCRIPT_SANDBOXING = YES;
				GCC_C_LANGUAGE_STANDARD = gnu17;
				GCC_DYNAMIC_NO_PIC = NO;
				GCC_NO_COMMON_BLOCKS = YES;
				GCC_OPTIMIZATION_LEVEL = 0;
				GCC_PREPROCESSOR_DEFINITIONS = (
					"DEBUG=1",
					"$(inherited)",
				);
				GCC_WARN_64_TO_32_BIT_CONVERSION = YES;
				GCC_WARN_ABOUT_RETURN_TYPE = YES_ERROR;
				GCC_WARN_UNDECLARED_SELECTOR = YES;
				GCC_WARN_UNINITIALIZED_AUTOS = YES_AGGRESSIVE;
				GCC_WARN_UNUSED_FUNCTION = YES;
				GCC_WARN_UNUSED_VARIABLE = YES;
				IPHONEOS_DEPLOYMENT_TARGET = 17.0;
				LOCALIZATION_PREFERS_STRING_CATALOGS = YES;
				MTL_ENABLE_DEBUG_INFO = INCLUDE_SOURCE;
				MTL_FAST_MATH = YES;
				ONLY_ACTIVE_ARCH = YES;
				SDKROOT = iphoneos;
				SWIFT_ACTIVE_COMPILATION_CONDITIONS = "DEBUG $(inherited)";
				SWIFT_OPTIMIZATION_LEVEL = "-Onone";
			};
			name = Debug;
		};
		192BF7E22B80C8CB0023C648 /* Release */ = {
			isa = XCBuildConfiguration;
			buildSettings = {
				ALWAYS_SEARCH_USER_PATHS = NO;
				ASSETCATALOG_COMPILER_GENERATE_SWIFT_ASSET_SYMBOL_EXTENSIONS = YES;
				CLANG_ANALYZER_NONNULL = YES;
				CLANG_ANALYZER_NUMBER_OBJECT_CONVERSION = YES_AGGRESSIVE;
				CLANG_CXX_LANGUAGE_STANDARD = "gnu++20";
				CLANG_ENABLE_MODULES = YES;
				CLANG_ENABLE_OBJC_ARC = YES;
				CLANG_ENABLE_OBJC_WEAK = YES;
				CLANG_WARN_BLOCK_CAPTURE_AUTORELEASING = YES;
				CLANG_WARN_BOOL_CONVERSION = YES;
				CLANG_WARN_COMMA = YES;
				CLANG_WARN_CONSTANT_CONVERSION = YES;
				CLANG_WARN_DEPRECATED_OBJC_IMPLEMENTATIONS = YES;
				CLANG_WARN_DIRECT_OBJC_ISA_USAGE = YES_ERROR;
				CLANG_WARN_DOCUMENTATION_COMMENTS = YES;
				CLANG_WARN_EMPTY_BODY = YES;
				CLANG_WARN_ENUM_CONVERSION = YES;
				CLANG_WARN_INFINITE_RECURSION = YES;
				CLANG_WARN_INT_CONVERSION = YES;
				CLANG_WARN_NON_LITERAL_NULL_CONVERSION = YES;
				CLANG_WARN_OBJC_IMPLICIT_RETAIN_SELF = YES;
				CLANG_WARN_OBJC_LITERAL_CONVERSION = YES;
				CLANG_WARN_OBJC_ROOT_CLASS = YES_ERROR;
				CLANG_WARN_QUOTED_INCLUDE_IN_FRAMEWORK_HEADER = YES;
				CLANG_WARN_RANGE_LOOP_ANALYSIS = YES;
				CLANG_WARN_STRICT_PROTOTYPES = YES;
				CLANG_WARN_SUSPICIOUS_MOVE = YES;
				CLANG_WARN_UNGUARDED_AVAILABILITY = YES_AGGRESSIVE;
				CLANG_WARN_UNREACHABLE_CODE = YES;
				CLANG_WARN__DUPLICATE_METHOD_MATCH = YES;
				COPY_PHASE_STRIP = NO;
				DEBUG_INFORMATION_FORMAT = "dwarf-with-dsym";
				ENABLE_NS_ASSERTIONS = NO;
				ENABLE_STRICT_OBJC_MSGSEND = YES;
				ENABLE_USER_SCRIPT_SANDBOXING = YES;
				GCC_C_LANGUAGE_STANDARD = gnu17;
				GCC_NO_COMMON_BLOCKS = YES;
				GCC_WARN_64_TO_32_BIT_CONVERSION = YES;
				GCC_WARN_ABOUT_RETURN_TYPE = YES_ERROR;
				GCC_WARN_UNDECLARED_SELECTOR = YES;
				GCC_WARN_UNINITIALIZED_AUTOS = YES_AGGRESSIVE;
				GCC_WARN_UNUSED_FUNCTION = YES;
				GCC_WARN_UNUSED_VARIABLE = YES;
				IPHONEOS_DEPLOYMENT_TARGET = 17.0;
				LOCALIZATION_PREFERS_STRING_CATALOGS = YES;
				MTL_ENABLE_DEBUG_INFO = NO;
				MTL_FAST_MATH = YES;
				SDKROOT = iphoneos;
				SWIFT_COMPILATION_MODE = wholemodule;
				VALIDATE_PRODUCT = YES;
			};
			name = Release;
		};
		192BF7E42B80C8CB0023C648 /* Debug */ = {
			isa = XCBuildConfiguration;
			buildSettings = {
				ASSETCATALOG_COMPILER_APPICON_NAME = AppIcon;
				ASSETCATALOG_COMPILER_GLOBAL_ACCENT_COLOR_NAME = AccentColor;
				CODE_SIGN_STYLE = Automatic;
				CURRENT_PROJECT_VERSION = 1;
				DEVELOPMENT_ASSET_PATHS = "\"Pokemon/Resources/Preview Content\"";
				ENABLE_PREVIEWS = YES;
				GENERATE_INFOPLIST_FILE = YES;
				INFOPLIST_KEY_UIApplicationSceneManifest_Generation = YES;
				INFOPLIST_KEY_UIApplicationSupportsIndirectInputEvents = YES;
				INFOPLIST_KEY_UILaunchScreen_Generation = YES;
				INFOPLIST_KEY_UISupportedInterfaceOrientations_iPad = "UIInterfaceOrientationPortrait UIInterfaceOrientationPortraitUpsideDown UIInterfaceOrientationLandscapeLeft UIInterfaceOrientationLandscapeRight";
				INFOPLIST_KEY_UISupportedInterfaceOrientations_iPhone = "UIInterfaceOrientationPortrait UIInterfaceOrientationLandscapeLeft UIInterfaceOrientationLandscapeRight";
				LD_RUNPATH_SEARCH_PATHS = (
					"$(inherited)",
					"@executable_path/Frameworks",
				);
				MARKETING_VERSION = 1.0;
				PRODUCT_BUNDLE_IDENTIFIER = "com.ivankirpichonok-gmail.iOS.PokemonApp";
				PRODUCT_NAME = "$(TARGET_NAME)";
				SWIFT_EMIT_LOC_STRINGS = YES;
				SWIFT_VERSION = 5.0;
				TARGETED_DEVICE_FAMILY = "1,2";
			};
			name = Debug;
		};
		192BF7E52B80C8CB0023C648 /* Release */ = {
			isa = XCBuildConfiguration;
			buildSettings = {
				ASSETCATALOG_COMPILER_APPICON_NAME = AppIcon;
				ASSETCATALOG_COMPILER_GLOBAL_ACCENT_COLOR_NAME = AccentColor;
				CODE_SIGN_STYLE = Automatic;
				CURRENT_PROJECT_VERSION = 1;
				DEVELOPMENT_ASSET_PATHS = "\"Pokemon/Resources/Preview Content\"";
				ENABLE_PREVIEWS = YES;
				GENERATE_INFOPLIST_FILE = YES;
				INFOPLIST_KEY_UIApplicationSceneManifest_Generation = YES;
				INFOPLIST_KEY_UIApplicationSupportsIndirectInputEvents = YES;
				INFOPLIST_KEY_UILaunchScreen_Generation = YES;
				INFOPLIST_KEY_UISupportedInterfaceOrientations_iPad = "UIInterfaceOrientationPortrait UIInterfaceOrientationPortraitUpsideDown UIInterfaceOrientationLandscapeLeft UIInterfaceOrientationLandscapeRight";
				INFOPLIST_KEY_UISupportedInterfaceOrientations_iPhone = "UIInterfaceOrientationPortrait UIInterfaceOrientationLandscapeLeft UIInterfaceOrientationLandscapeRight";
				LD_RUNPATH_SEARCH_PATHS = (
					"$(inherited)",
					"@executable_path/Frameworks",
				);
				MARKETING_VERSION = 1.0;
				PRODUCT_BUNDLE_IDENTIFIER = "com.ivankirpichonok-gmail.iOS.PokemonApp";
				PRODUCT_NAME = "$(TARGET_NAME)";
				SWIFT_EMIT_LOC_STRINGS = YES;
				SWIFT_VERSION = 5.0;
				TARGETED_DEVICE_FAMILY = "1,2";
			};
			name = Release;
		};
/* End XCBuildConfiguration section */

/* Begin XCConfigurationList section */
		192BF7D02B80C8CA0023C648 /* Build configuration list for PBXProject "Pokemon" */ = {
			isa = XCConfigurationList;
			buildConfigurations = (
				192BF7E12B80C8CB0023C648 /* Debug */,
				192BF7E22B80C8CB0023C648 /* Release */,
			);
			defaultConfigurationIsVisible = 0;
			defaultConfigurationName = Release;
		};
		192BF7E32B80C8CB0023C648 /* Build configuration list for PBXNativeTarget "Pokemon" */ = {
			isa = XCConfigurationList;
			buildConfigurations = (
				192BF7E42B80C8CB0023C648 /* Debug */,
				192BF7E52B80C8CB0023C648 /* Release */,
			);
			defaultConfigurationIsVisible = 0;
			defaultConfigurationName = Release;
		};
/* End XCConfigurationList section */

/* Begin XCRemoteSwiftPackageReference section */
		19A2B6812B81F6D600BD23E7 /* XCRemoteSwiftPackageReference "Moya" */ = {
			isa = XCRemoteSwiftPackageReference;
			repositoryURL = "https://github.com/Moya/Moya.git";
			requirement = {
				kind = upToNextMajorVersion;
				minimumVersion = 15.0.3;
			};
		};
/* End XCRemoteSwiftPackageReference section */

/* Begin XCSwiftPackageProductDependency section */
		19A2B6822B81F6D600BD23E7 /* CombineMoya */ = {
			isa = XCSwiftPackageProductDependency;
			package = 19A2B6812B81F6D600BD23E7 /* XCRemoteSwiftPackageReference "Moya" */;
			productName = CombineMoya;
		};
		19A2B6842B81F6D600BD23E7 /* Moya */ = {
			isa = XCSwiftPackageProductDependency;
			package = 19A2B6812B81F6D600BD23E7 /* XCRemoteSwiftPackageReference "Moya" */;
			productName = Moya;
		};
/* End XCSwiftPackageProductDependency section */
	};
	rootObject = 192BF7CD2B80C8CA0023C648 /* Project object */;
}
